PODS:
  - ORCharts (2.0.6):
    - ORCharts/Line (= 2.0.6)
    - ORCharts/Ring (= 2.0.6)
    - ORCharts/Util (= 2.0.6)
  - ORCharts/Line (2.0.6):
    - ORCharts/Util
  - ORCharts/Ring (2.0.6):
    - ORCharts/Util
  - ORCharts/Util (2.0.6)

DEPENDENCIES:
  - ORCharts (from `../`)

EXTERNAL SOURCES:
  ORCharts:
    :path: "../"

SPEC CHECKSUMS:
  ORCharts: 8682d86dee192cc16a32cdc7cf249d37651825e4

PODFILE CHECKSUM: 164365fbe16bb8d73a78d749d34c32d7e1ee2bb8

COCOAPODS: 1.6.1
