PODS:
  - ORCharts (2.0.3):
    - ORCharts/Line (= 2.0.3)
    - ORCharts/Ring (= 2.0.3)
    - ORCharts/Util (= 2.0.3)
  - ORCharts/Line (2.0.3):
    - ORCharts/Util
  - ORCharts/Ring (2.0.3):
    - ORCharts/Util
  - ORCharts/Util (2.0.3)

DEPENDENCIES:
  - ORCharts (from `../`)

EXTERNAL SOURCES:
  ORCharts:
    :path: "../"

SPEC CHECKSUMS:
  ORCharts: 2db6753a115007c97332a205ccfa8ed6782d8efe

PODFILE CHECKSUM: 164365fbe16bb8d73a78d749d34c32d7e1ee2bb8

COCOAPODS: 1.7.4
